
Microsoft Visual Studio Solution File, Format Version 12.00
# Visual Studio 14
VisualStudioVersion = 14.0.25420.1
MinimumVisualStudioVersion = 10.0.40219.1
Project("{FAE04EC0-301F-11D3-BF4B-00C04F79EFBC}") = "EasySurvey", "EasySurvey\EasySurvey.csproj", "{873E385A-5E4C-4F0D-BA8C-23DD016AFFD6}"
EndProject
Project("{FAE04EC0-301F-11D3-BF4B-00C04F79EFBC}") = "Installer", "Installer\Installer.csproj", "{759DEAFD-0D1B-43CE-9471-24D817CB3ECB}"
EndProject
Global
	GlobalSection(SolutionConfigurationPlatforms) = preSolution
		Debug|Any CPU = Debug|Any CPU
		Release|Any CPU = Release|Any CPU
	EndGlobalSection
	GlobalSection(ProjectConfigurationPlatforms) = postSolution
		{873E385A-5E4C-4F0D-BA8C-23DD016AFFD6}.Debug|Any CPU.ActiveCfg = Debug|Any CPU
		{873E385A-5E4C-4F0D-BA8C-23DD016AFFD6}.Debug|Any CPU.Build.0 = Debug|Any CPU
		{873E385A-5E4C-4F0D-BA8C-23DD016AFFD6}.Release|Any CPU.ActiveCfg = Release|Any CPU
		{873E385A-5E4C-4F0D-BA8C-23DD016AFFD6}.Release|Any CPU.Build.0 = Release|Any CPU
		{759DEAFD-0D1B-43CE-9471-24D817CB3ECB}.Debug|Any CPU.ActiveCfg = Debug|Any CPU
		{759DEAFD-0D1B-43CE-9471-24D817CB3ECB}.Debug|Any CPU.Build.0 = Debug|Any CPU
		{759DEAFD-0D1B-43CE-9471-24D817CB3ECB}.Release|Any CPU.ActiveCfg = Release|Any CPU
		{759DEAFD-0D1B-43CE-9471-24D817CB3ECB}.Release|Any CPU.Build.0 = Release|Any CPU
	EndGlobalSection
	GlobalSection(SolutionProperties) = preSolution
		HideSolutionNode = FALSE
	EndGlobalSection
EndGlobal
